
Microsoft Visual Studio Solution File, Format Version 12.00
# Visual Studio Version 16
VisualStudioVersion = 16.0.31205.134
MinimumVisualStudioVersion = 10.0.40219.1
Project("{9A19103F-16F7-4668-BE54-9A1E7A4F7556}") = "Domain", "Domain\Domain.csproj", "{AF33DDAE-E9D8-48CE-AA1B-C8EA19E3EEBB}"
EndProject
Project("{9A19103F-16F7-4668-BE54-9A1E7A4F7556}") = "Data", "Data\Data.csproj", "{20DC5DC2-7719-4515-AD27-FB6ECF3B5563}"
EndProject
Project("{9A19103F-16F7-4668-BE54-9A1E7A4F7556}") = "Service", "Service\Service.csproj", "{D1854CD8-B2F2-4954-8941-864CF4E21FE3}"
EndProject
Project("{9A19103F-16F7-4668-BE54-9A1E7A4F7556}") = "Core", "Core\Core.csproj", "{2A2B1C0B-02C4-4E95-B389-D2CB34221690}"
EndProject
Project("{FAE04EC0-301F-11D3-BF4B-00C04F79EFBC}") = "ExportExcelFromDB", "ExportExcelFromDB\ExportExcelFromDB.csproj", "{7E039596-47E4-4A25-B064-54947B8A2553}"
EndProject
Global
	GlobalSection(SolutionConfigurationPlatforms) = preSolution
		Debug|Any CPU = Debug|Any CPU
		Release|Any CPU = Release|Any CPU
	EndGlobalSection
	GlobalSection(ProjectConfigurationPlatforms) = postSolution
		{AF33DDAE-E9D8-48CE-AA1B-C8EA19E3EEBB}.Debug|Any CPU.ActiveCfg = Debug|Any CPU
		{AF33DDAE-E9D8-48CE-AA1B-C8EA19E3EEBB}.Debug|Any CPU.Build.0 = Debug|Any CPU
		{AF33DDAE-E9D8-48CE-AA1B-C8EA19E3EEBB}.Release|Any CPU.ActiveCfg = Release|Any CPU
		{AF33DDAE-E9D8-48CE-AA1B-C8EA19E3EEBB}.Release|Any CPU.Build.0 = Release|Any CPU
		{20DC5DC2-7719-4515-AD27-FB6ECF3B5563}.Debug|Any CPU.ActiveCfg = Debug|Any CPU
		{20DC5DC2-7719-4515-AD27-FB6ECF3B5563}.Debug|Any CPU.Build.0 = Debug|Any CPU
		{20DC5DC2-7719-4515-AD27-FB6ECF3B5563}.Release|Any CPU.ActiveCfg = Release|Any CPU
		{20DC5DC2-7719-4515-AD27-FB6ECF3B5563}.Release|Any CPU.Build.0 = Release|Any CPU
		{D1854CD8-B2F2-4954-8941-864CF4E21FE3}.Debug|Any CPU.ActiveCfg = Debug|Any CPU
		{D1854CD8-B2F2-4954-8941-864CF4E21FE3}.Debug|Any CPU.Build.0 = Debug|Any CPU
		{D1854CD8-B2F2-4954-8941-864CF4E21FE3}.Release|Any CPU.ActiveCfg = Release|Any CPU
		{D1854CD8-B2F2-4954-8941-864CF4E21FE3}.Release|Any CPU.Build.0 = Release|Any CPU
		{2A2B1C0B-02C4-4E95-B389-D2CB34221690}.Debug|Any CPU.ActiveCfg = Debug|Any CPU
		{2A2B1C0B-02C4-4E95-B389-D2CB34221690}.Debug|Any CPU.Build.0 = Debug|Any CPU
		{2A2B1C0B-02C4-4E95-B389-D2CB34221690}.Release|Any CPU.ActiveCfg = Release|Any CPU
		{2A2B1C0B-02C4-4E95-B389-D2CB34221690}.Release|Any CPU.Build.0 = Release|Any CPU
		{7E039596-47E4-4A25-B064-54947B8A2553}.Debug|Any CPU.ActiveCfg = Debug|Any CPU
		{7E039596-47E4-4A25-B064-54947B8A2553}.Debug|Any CPU.Build.0 = Debug|Any CPU
		{7E039596-47E4-4A25-B064-54947B8A2553}.Release|Any CPU.ActiveCfg = Release|Any CPU
		{7E039596-47E4-4A25-B064-54947B8A2553}.Release|Any CPU.Build.0 = Release|Any CPU
	EndGlobalSection
	GlobalSection(SolutionProperties) = preSolution
		HideSolutionNode = FALSE
	EndGlobalSection
	GlobalSection(ExtensibilityGlobals) = postSolution
		SolutionGuid = {90F9B618-445C-4CA8-A671-0CFE0F42F551}
	EndGlobalSection
EndGlobal
